
Microsoft Visual Studio Solution File, Format Version 12.00
# Visual Studio Version 17
VisualStudioVersion = 17.10.35201.131
MinimumVisualStudioVersion = 10.0.40219.1
Project("{9A19103F-16F7-4668-BE54-9A1E7A4F7556}") = "CatalogStructureAPI", "CatalogStructureAPI\CatalogStructureAPI.csproj", "{5D6FF909-79DF-447A-BB40-6BA09669E2B1}"
EndProject
Project("{9A19103F-16F7-4668-BE54-9A1E7A4F7556}") = "CatalogStructureDto", "CatalogStructureDto\CatalogStructureDto.csproj", "{D728A046-4EF8-4B66-A303-9138ED026E91}"
EndProject
Project("{9A19103F-16F7-4668-BE54-9A1E7A4F7556}") = "CatalogStructureClient", "CatalotStructureClient\CatalogStructureClient.csproj", "{9229942E-E65F-4F1D-9AD5-82CD954DDB45}"
EndProject
Global
	GlobalSection(SolutionConfigurationPlatforms) = preSolution
		Debug|Any CPU = Debug|Any CPU
		Release|Any CPU = Release|Any CPU
	EndGlobalSection
	GlobalSection(ProjectConfigurationPlatforms) = postSolution
		{5D6FF909-79DF-447A-BB40-6BA09669E2B1}.Debug|Any CPU.ActiveCfg = Debug|Any CPU
		{5D6FF909-79DF-447A-BB40-6BA09669E2B1}.Debug|Any CPU.Build.0 = Debug|Any CPU
		{5D6FF909-79DF-447A-BB40-6BA09669E2B1}.Release|Any CPU.ActiveCfg = Release|Any CPU
		{5D6FF909-79DF-447A-BB40-6BA09669E2B1}.Release|Any CPU.Build.0 = Release|Any CPU
		{D728A046-4EF8-4B66-A303-9138ED026E91}.Debug|Any CPU.ActiveCfg = Debug|Any CPU
		{D728A046-4EF8-4B66-A303-9138ED026E91}.Debug|Any CPU.Build.0 = Debug|Any CPU
		{D728A046-4EF8-4B66-A303-9138ED026E91}.Release|Any CPU.ActiveCfg = Release|Any CPU
		{D728A046-4EF8-4B66-A303-9138ED026E91}.Release|Any CPU.Build.0 = Release|Any CPU
		{9229942E-E65F-4F1D-9AD5-82CD954DDB45}.Debug|Any CPU.ActiveCfg = Debug|Any CPU
		{9229942E-E65F-4F1D-9AD5-82CD954DDB45}.Debug|Any CPU.Build.0 = Debug|Any CPU
		{9229942E-E65F-4F1D-9AD5-82CD954DDB45}.Release|Any CPU.ActiveCfg = Release|Any CPU
		{9229942E-E65F-4F1D-9AD5-82CD954DDB45}.Release|Any CPU.Build.0 = Release|Any CPU
	EndGlobalSection
	GlobalSection(SolutionProperties) = preSolution
		HideSolutionNode = FALSE
	EndGlobalSection
	GlobalSection(ExtensibilityGlobals) = postSolution
		SolutionGuid = {7CAF0A12-AB0E-4B48-8E55-C8AE9A460E49}
	EndGlobalSection
EndGlobal
